# Generated by buf. DO NOT EDIT.
version: v1
deps:
  - remote: buf.build
    owner: aserto-dev
    repository: aserto
    branch: main
    commit: 983ee8002e9e4bc68db1e391a7c07fd0
    digest: b1-M3WemwYxAqtcErXiwBTlzzo2zMwZuJYc7xuqXwGLTPU=
    create_time: 2021-08-17T15:48:45.208053Z
  - remote: buf.build
    owner: aserto-dev
    repository: ext
    branch: main
    commit: 9c10fa55539946e6bd2f8d791d34acb3
    digest: b1-RR610sRh6G1m_HkA3sSl4PuRHoM-zXQTB4l1Nndnx5I=
    create_time: 2021-08-17T10:30:27.464098Z
