# Generated by buf. DO NOT EDIT.
version: v1
deps:
  - remote: buf.build
    owner: aserto-dev
    repository: aserto
    branch: main
    commit: 08f817f9952b4f1e8fef9dd838500477
    digest: b1-WYd4DRDCOruB1H-0cjfrArG2b7CSXC2p-OwRFFWDZN8=
    create_time: 2021-08-27T00:51:48.316692Z
  - remote: buf.build
    owner: aserto-dev
    repository: ext
    branch: main
    commit: 9c10fa55539946e6bd2f8d791d34acb3
    digest: b1-RR610sRh6G1m_HkA3sSl4PuRHoM-zXQTB4l1Nndnx5I=
    create_time: 2021-08-17T10:30:27.464098Z
